// !$*UTF8*$!
{
	archiveVersion = 1;
	classes = {
	};
	objectVersion = 77;
	objects = {

/* Begin PBXBuildFile section */
		2A6A53322D7B3D5B007BD662 /* Alamofire in Frameworks */ = {isa = PBXBuildFile; productRef = 2A6A53312D7B3D5B007BD662 /* Alamofire */; };
		2A96F7CD2D7B574900415613 /* Kingfisher in Frameworks */ = {isa = PBXBuildFile; productRef = 2A96F7CC2D7B574900415613 /* Kingfisher */; };
		2A96F7D22D7B6E8900415613 /* Sniffer in Frameworks */ = {isa = PBXBuildFile; productRef = 2A96F7D12D7B6E8900415613 /* Sniffer */; };
/* End PBXBuildFile section */

/* Begin PBXContainerItemProxy section */
		2A6A53082D7B37A1007BD662 /* PBXContainerItemProxy */ = {
			isa = PBXContainerItemProxy;
			containerPortal = 2A6A52E92D7B37A1007BD662 /* Project object */;
			proxyType = 1;
			remoteGlobalIDString = 2A6A52F02D7B37A1007BD662;
			remoteInfo = PokeAPIIntegration;
		};
		2A6A53122D7B37A1007BD662 /* PBXContainerItemProxy */ = {
			isa = PBXContainerItemProxy;
			containerPortal = 2A6A52E92D7B37A1007BD662 /* Project object */;
			proxyType = 1;
			remoteGlobalIDString = 2A6A52F02D7B37A1007BD662;
			remoteInfo = PokeAPIIntegration;
		};
/* End PBXContainerItemProxy section */

/* Begin PBXFileReference section */
		2A6A52F12D7B37A1007BD662 /* PokeAPIIntegration.app */ = {isa = PBXFileReference; explicitFileType = wrapper.application; includeInIndex = 0; path = PokeAPIIntegration.app; sourceTree = BUILT_PRODUCTS_DIR; };
		2A6A53072D7B37A1007BD662 /* PokeAPIIntegrationTests.xctest */ = {isa = PBXFileReference; explicitFileType = wrapper.cfbundle; includeInIndex = 0; path = PokeAPIIntegrationTests.xctest; sourceTree = BUILT_PRODUCTS_DIR; };
		2A6A53112D7B37A1007BD662 /* PokeAPIIntegrationUITests.xctest */ = {isa = PBXFileReference; explicitFileType = wrapper.cfbundle; includeInIndex = 0; path = PokeAPIIntegrationUITests.xctest; sourceTree = BUILT_PRODUCTS_DIR; };
/* End PBXFileReference section */

/* Begin PBXFileSystemSynchronizedBuildFileExceptionSet section */
		2A6A53192D7B37A1007BD662 /* Exceptions for "PokeAPIIntegration" folder in "PokeAPIIntegration" target */ = {
			isa = PBXFileSystemSynchronizedBuildFileExceptionSet;
			membershipExceptions = (
				Info.plist,
			);
			target = 2A6A52F02D7B37A1007BD662 /* PokeAPIIntegration */;
		};
/* End PBXFileSystemSynchronizedBuildFileExceptionSet section */

/* Begin PBXFileSystemSynchronizedRootGroup section */
		2A6A52F32D7B37A1007BD662 /* PokeAPIIntegration */ = {
			isa = PBXFileSystemSynchronizedRootGroup;
			exceptions = (
				2A6A53192D7B37A1007BD662 /* Exceptions for "PokeAPIIntegration" folder in "PokeAPIIntegration" target */,
			);
			path = PokeAPIIntegration;
			sourceTree = "<group>";
		};
		2A6A530A2D7B37A1007BD662 /* PokeAPIIntegrationTests */ = {
			isa = PBXFileSystemSynchronizedRootGroup;
			path = PokeAPIIntegrationTests;
			sourceTree = "<group>";
		};
		2A6A53142D7B37A1007BD662 /* PokeAPIIntegrationUITests */ = {
			isa = PBXFileSystemSynchronizedRootGroup;
			path = PokeAPIIntegrationUITests;
			sourceTree = "<group>";
		};
/* End PBXFileSystemSynchronizedRootGroup section */

/* Begin PBXFrameworksBuildPhase section */
		2A6A52EE2D7B37A1007BD662 /* Frameworks */ = {
			isa = PBXFrameworksBuildPhase;
			buildActionMask = 2147483647;
			files = (
				2A96F7D22D7B6E8900415613 /* Sniffer in Frameworks */,
				2A96F7CD2D7B574900415613 /* Kingfisher in Frameworks */,
				2A6A53322D7B3D5B007BD662 /* Alamofire in Frameworks */,
			);
			runOnlyForDeploymentPostprocessing = 0;
		};
		2A6A53042D7B37A1007BD662 /* Frameworks */ = {
			isa = PBXFrameworksBuildPhase;
			buildActionMask = 2147483647;
			files = (
			);
			runOnlyForDeploymentPostprocessing = 0;
		};
		2A6A530E2D7B37A1007BD662 /* Frameworks */ = {
			isa = PBXFrameworksBuildPhase;
			buildActionMask = 2147483647;
			files = (
			);
			runOnlyForDeploymentPostprocessing = 0;
		};
/* End PBXFrameworksBuildPhase section */

/* Begin PBXGroup section */
		2A6A52E82D7B37A1007BD662 = {
			isa = PBXGroup;
			children = (
				2A6A52F32D7B37A1007BD662 /* PokeAPIIntegration */,
				2A6A530A2D7B37A1007BD662 /* PokeAPIIntegrationTests */,
				2A6A53142D7B37A1007BD662 /* PokeAPIIntegrationUITests */,
				2A6A52F22D7B37A1007BD662 /* Products */,
			);
			sourceTree = "<group>";
		};
		2A6A52F22D7B37A1007BD662 /* Products */ = {
			isa = PBXGroup;
			children = (
				2A6A52F12D7B37A1007BD662 /* PokeAPIIntegration.app */,
				2A6A53072D7B37A1007BD662 /* PokeAPIIntegrationTests.xctest */,
				2A6A53112D7B37A1007BD662 /* PokeAPIIntegrationUITests.xctest */,
			);
			name = Products;
			sourceTree = "<group>";
		};
/* End PBXGroup section */

/* Begin PBXNativeTarget section */
		2A6A52F02D7B37A1007BD662 /* PokeAPIIntegration */ = {
			isa = PBXNativeTarget;
			buildConfigurationList = 2A6A531A2D7B37A1007BD662 /* Build configuration list for PBXNativeTarget "PokeAPIIntegration" */;
			buildPhases = (
				2A6A52ED2D7B37A1007BD662 /* Sources */,
				2A6A52EE2D7B37A1007BD662 /* Frameworks */,
				2A6A52EF2D7B37A1007BD662 /* Resources */,
			);
			buildRules = (
			);
			dependencies = (
			);
			fileSystemSynchronizedGroups = (
				2A6A52F32D7B37A1007BD662 /* PokeAPIIntegration */,
			);
			name = PokeAPIIntegration;
			packageProductDependencies = (
				2A6A53312D7B3D5B007BD662 /* Alamofire */,
				2A96F7CC2D7B574900415613 /* Kingfisher */,
				2A96F7D12D7B6E8900415613 /* Sniffer */,
			);
			productName = PokeAPIIntegration;
			productReference = 2A6A52F12D7B37A1007BD662 /* PokeAPIIntegration.app */;
			productType = "com.apple.product-type.application";
		};
		2A6A53062D7B37A1007BD662 /* PokeAPIIntegrationTests */ = {
			isa = PBXNativeTarget;
			buildConfigurationList = 2A6A531F2D7B37A1007BD662 /* Build configuration list for PBXNativeTarget "PokeAPIIntegrationTests" */;
			buildPhases = (
				2A6A53032D7B37A1007BD662 /* Sources */,
				2A6A53042D7B37A1007BD662 /* Frameworks */,
				2A6A53052D7B37A1007BD662 /* Resources */,
			);
			buildRules = (
			);
			dependencies = (
				2A6A53092D7B37A1007BD662 /* PBXTargetDependency */,
			);
			fileSystemSynchronizedGroups = (
				2A6A530A2D7B37A1007BD662 /* PokeAPIIntegrationTests */,
			);
			name = PokeAPIIntegrationTests;
			packageProductDependencies = (
			);
			productName = PokeAPIIntegrationTests;
			productReference = 2A6A53072D7B37A1007BD662 /* PokeAPIIntegrationTests.xctest */;
			productType = "com.apple.product-type.bundle.unit-test";
		};
		2A6A53102D7B37A1007BD662 /* PokeAPIIntegrationUITests */ = {
			isa = PBXNativeTarget;
			buildConfigurationList = 2A6A53222D7B37A1007BD662 /* Build configuration list for PBXNativeTarget "PokeAPIIntegrationUITests" */;
			buildPhases = (
				2A6A530D2D7B37A1007BD662 /* Sources */,
				2A6A530E2D7B37A1007BD662 /* Frameworks */,
				2A6A530F2D7B37A1007BD662 /* Resources */,
			);
			buildRules = (
			);
			dependencies = (
				2A6A53132D7B37A1007BD662 /* PBXTargetDependency */,
			);
			fileSystemSynchronizedGroups = (
				2A6A53142D7B37A1007BD662 /* PokeAPIIntegrationUITests */,
			);
			name = PokeAPIIntegrationUITests;
			packageProductDependencies = (
			);
			productName = PokeAPIIntegrationUITests;
			productReference = 2A6A53112D7B37A1007BD662 /* PokeAPIIntegrationUITests.xctest */;
			productType = "com.apple.product-type.bundle.ui-testing";
		};
/* End PBXNativeTarget section */

/* Begin PBXProject section */
		2A6A52E92D7B37A1007BD662 /* Project object */ = {
			isa = PBXProject;
			attributes = {
				BuildIndependentTargetsInParallel = 1;
				LastSwiftUpdateCheck = 1620;
				LastUpgradeCheck = 1620;
				TargetAttributes = {
					2A6A52F02D7B37A1007BD662 = {
						CreatedOnToolsVersion = 16.2;
					};
					2A6A53062D7B37A1007BD662 = {
						CreatedOnToolsVersion = 16.2;
						TestTargetID = 2A6A52F02D7B37A1007BD662;
					};
					2A6A53102D7B37A1007BD662 = {
						CreatedOnToolsVersion = 16.2;
						TestTargetID = 2A6A52F02D7B37A1007BD662;
					};
				};
			};
			buildConfigurationList = 2A6A52EC2D7B37A1007BD662 /* Build configuration list for PBXProject "PokeAPIIntegration" */;
			developmentRegion = en;
			hasScannedForEncodings = 0;
			knownRegions = (
				en,
				Base,
			);
			mainGroup = 2A6A52E82D7B37A1007BD662;
			minimizedProjectReferenceProxies = 1;
			packageReferences = (
				2A6A53302D7B3D5B007BD662 /* XCRemoteSwiftPackageReference "Alamofire" */,
				2A96F7CB2D7B574900415613 /* XCRemoteSwiftPackageReference "Kingfisher" */,
				2A96F7D02D7B6E8900415613 /* XCRemoteSwiftPackageReference "Sniffer" */,
			);
			preferredProjectObjectVersion = 77;
			productRefGroup = 2A6A52F22D7B37A1007BD662 /* Products */;
			projectDirPath = "";
			projectRoot = "";
			targets = (
				2A6A52F02D7B37A1007BD662 /* PokeAPIIntegration */,
				2A6A53062D7B37A1007BD662 /* PokeAPIIntegrationTests */,
				2A6A53102D7B37A1007BD662 /* PokeAPIIntegrationUITests */,
			);
		};
/* End PBXProject section */

/* Begin PBXResourcesBuildPhase section */
		2A6A52EF2D7B37A1007BD662 /* Resources */ = {
			isa = PBXResourcesBuildPhase;
			buildActionMask = 2147483647;
			files = (
			);
			runOnlyForDeploymentPostprocessing = 0;
		};
		2A6A53052D7B37A1007BD662 /* Resources */ = {
			isa = PBXResourcesBuildPhase;
			buildActionMask = 2147483647;
			files = (
			);
			runOnlyForDeploymentPostprocessing = 0;
		};
		2A6A530F2D7B37A1007BD662 /* Resources */ = {
			isa = PBXResourcesBuildPhase;
			buildActionMask = 2147483647;
			files = (
			);
			runOnlyForDeploymentPostprocessing = 0;
		};
/* End PBXResourcesBuildPhase section */

/* Begin PBXSourcesBuildPhase section */
		2A6A52ED2D7B37A1007BD662 /* Sources */ = {
			isa = PBXSourcesBuildPhase;
			buildActionMask = 2147483647;
			files = (
			);
			runOnlyForDeploymentPostprocessing = 0;
		};
		2A6A53032D7B37A1007BD662 /* Sources */ = {
			isa = PBXSourcesBuildPhase;
			buildActionMask = 2147483647;
			files = (
			);
			runOnlyForDeploymentPostprocessing = 0;
		};
		2A6A530D2D7B37A1007BD662 /* Sources */ = {
			isa = PBXSourcesBuildPhase;
			buildActionMask = 2147483647;
			files = (
			);
			runOnlyForDeploymentPostprocessing = 0;
		};
/* End PBXSourcesBuildPhase section */

/* Begin PBXTargetDependency section */
		2A6A53092D7B37A1007BD662 /* PBXTargetDependency */ = {
			isa = PBXTargetDependency;
			target = 2A6A52F02D7B37A1007BD662 /* PokeAPIIntegration */;
			targetProxy = 2A6A53082D7B37A1007BD662 /* PBXContainerItemProxy */;
		};
		2A6A53132D7B37A1007BD662 /* PBXTargetDependency */ = {
			isa = PBXTargetDependency;
			target = 2A6A52F02D7B37A1007BD662 /* PokeAPIIntegration */;
			targetProxy = 2A6A53122D7B37A1007BD662 /* PBXContainerItemProxy */;
		};
/* End PBXTargetDependency section */

/* Begin XCBuildConfiguration section */
		2A6A531B2D7B37A1007BD662 /* Debug */ = {
			isa = XCBuildConfiguration;
			buildSettings = {
				ASSETCATALOG_COMPILER_APPICON_NAME = AppIcon;
				ASSETCATALOG_COMPILER_GLOBAL_ACCENT_COLOR_NAME = AccentColor;
				CODE_SIGN_STYLE = Automatic;
				CURRENT_PROJECT_VERSION = 1;
				GENERATE_INFOPLIST_FILE = YES;
				INFOPLIST_FILE = PokeAPIIntegration/Info.plist;
				INFOPLIST_KEY_UIApplicationSupportsIndirectInputEvents = YES;
				INFOPLIST_KEY_UILaunchStoryboardName = LaunchScreen;
				INFOPLIST_KEY_UIMainStoryboardFile = Main;
				INFOPLIST_KEY_UISupportedInterfaceOrientations_iPad = "UIInterfaceOrientationPortrait UIInterfaceOrientationPortraitUpsideDown UIInterfaceOrientationLandscapeLeft UIInterfaceOrientationLandscapeRight";
				INFOPLIST_KEY_UISupportedInterfaceOrientations_iPhone = "UIInterfaceOrientationPortrait UIInterfaceOrientationLandscapeLeft UIInterfaceOrientationLandscapeRight";
				IPHONEOS_DEPLOYMENT_TARGET = 15.6;
				LD_RUNPATH_SEARCH_PATHS = (
					"$(inherited)",
					"@executable_path/Frameworks",
				);
				MARKETING_VERSION = 1.0;
				PRODUCT_BUNDLE_IDENTIFIER = RoshkaBootcamp.PokeAPIIntegration;
				PRODUCT_NAME = "$(TARGET_NAME)";
				SWIFT_EMIT_LOC_STRINGS = YES;
				SWIFT_VERSION = 5.0;
				TARGETED_DEVICE_FAMILY = "1,2";
			};
			name = Debug;
		};
		2A6A531C2D7B37A1007BD662 /* Release */ = {
			isa = XCBuildConfiguration;
			buildSettings = {
				ASSETCATALOG_COMPILER_APPICON_NAME = AppIcon;
				ASSETCATALOG_COMPILER_GLOBAL_ACCENT_COLOR_NAME = AccentColor;
				CODE_SIGN_STYLE = Automatic;
				CURRENT_PROJECT_VERSION = 1;
				GENERATE_INFOPLIST_FILE = YES;
				INFOPLIST_FILE = PokeAPIIntegration/Info.plist;
				INFOPLIST_KEY_UIApplicationSupportsIndirectInputEvents = YES;
				INFOPLIST_KEY_UILaunchStoryboardName = LaunchScreen;
				INFOPLIST_KEY_UIMainStoryboardFile = Main;
				INFOPLIST_KEY_UISupportedInterfaceOrientations_iPad = "UIInterfaceOrientationPortrait UIInterfaceOrientationPortraitUpsideDown UIInterfaceOrientationLandscapeLeft UIInterfaceOrientationLandscapeRight";
				INFOPLIST_KEY_UISupportedInterfaceOrientations_iPhone = "UIInterfaceOrientationPortrait UIInterfaceOrientationLandscapeLeft UIInterfaceOrientationLandscapeRight";
				IPHONEOS_DEPLOYMENT_TARGET = 15.6;
				LD_RUNPATH_SEARCH_PATHS = (
					"$(inherited)",
					"@executable_path/Frameworks",
				);
				MARKETING_VERSION = 1.0;
				PRODUCT_BUNDLE_IDENTIFIER = RoshkaBootcamp.PokeAPIIntegration;
				PRODUCT_NAME = "$(TARGET_NAME)";
				SWIFT_EMIT_LOC_STRINGS = YES;
				SWIFT_VERSION = 5.0;
				TARGETED_DEVICE_FAMILY = "1,2";
			};
			name = Release;
		};
		2A6A531D2D7B37A1007BD662 /* Debug */ = {
			isa = XCBuildConfiguration;
			buildSettings = {
				ALWAYS_SEARCH_USER_PATHS = NO;
				ASSETCATALOG_COMPILER_GENERATE_SWIFT_ASSET_SYMBOL_EXTENSIONS = YES;
				CLANG_ANALYZER_NONNULL = YES;
				CLANG_ANALYZER_NUMBER_OBJECT_CONVERSION = YES_AGGRESSIVE;
				CLANG_CXX_LANGUAGE_STANDARD = "gnu++20";
				CLANG_ENABLE_MODULES = YES;
				CLANG_ENABLE_OBJC_ARC = YES;
				CLANG_ENABLE_OBJC_WEAK = YES;
				CLANG_WARN_BLOCK_CAPTURE_AUTORELEASING = YES;
				CLANG_WARN_BOOL_CONVERSION = YES;
				CLANG_WARN_COMMA = YES;
				CLANG_WARN_CONSTANT_CONVERSION = YES;
				CLANG_WARN_DEPRECATED_OBJC_IMPLEMENTATIONS = YES;
				CLANG_WARN_DIRECT_OBJC_ISA_USAGE = YES_ERROR;
				CLANG_WARN_DOCUMENTATION_COMMENTS = YES;
				CLANG_WARN_EMPTY_BODY = YES;
				CLANG_WARN_ENUM_CONVERSION = YES;
				CLANG_WARN_INFINITE_RECURSION = YES;
				CLANG_WARN_INT_CONVERSION = YES;
				CLANG_WARN_NON_LITERAL_NULL_CONVERSION = YES;
				CLANG_WARN_OBJC_IMPLICIT_RETAIN_SELF = YES;
				CLANG_WARN_OBJC_LITERAL_CONVERSION = YES;
				CLANG_WARN_OBJC_ROOT_CLASS = YES_ERROR;
				CLANG_WARN_QUOTED_INCLUDE_IN_FRAMEWORK_HEADER = YES;
				CLANG_WARN_RANGE_LOOP_ANALYSIS = YES;
				CLANG_WARN_STRICT_PROTOTYPES = YES;
				CLANG_WARN_SUSPICIOUS_MOVE = YES;
				CLANG_WARN_UNGUARDED_AVAILABILITY = YES_AGGRESSIVE;
				CLANG_WARN_UNREACHABLE_CODE = YES;
				CLANG_WARN__DUPLICATE_METHOD_MATCH = YES;
				COPY_PHASE_STRIP = NO;
				DEBUG_INFORMATION_FORMAT = dwarf;
				ENABLE_STRICT_OBJC_MSGSEND = YES;
				ENABLE_TESTABILITY = YES;
				ENABLE_USER_SCRIPT_SANDBOXING = YES;
				GCC_C_LANGUAGE_STANDARD = gnu17;
				GCC_DYNAMIC_NO_PIC = NO;
				GCC_NO_COMMON_BLOCKS = YES;
				GCC_OPTIMIZATION_LEVEL = 0;
				GCC_PREPROCESSOR_DEFINITIONS = (
					"DEBUG=1",
					"$(inherited)",
				);
				GCC_WARN_64_TO_32_BIT_CONVERSION = YES;
				GCC_WARN_ABOUT_RETURN_TYPE = YES_ERROR;
				GCC_WARN_UNDECLARED_SELECTOR = YES;
				GCC_WARN_UNINITIALIZED_AUTOS = YES_AGGRESSIVE;
				GCC_WARN_UNUSED_FUNCTION = YES;
				GCC_WARN_UNUSED_VARIABLE = YES;
				IPHONEOS_DEPLOYMENT_TARGET = 18.2;
				LOCALIZATION_PREFERS_STRING_CATALOGS = YES;
				MTL_ENABLE_DEBUG_INFO = INCLUDE_SOURCE;
				MTL_FAST_MATH = YES;
				ONLY_ACTIVE_ARCH = YES;
				SDKROOT = iphoneos;
				SWIFT_ACTIVE_COMPILATION_CONDITIONS = "DEBUG $(inherited)";
				SWIFT_OPTIMIZATION_LEVEL = "-Onone";
			};
			name = Debug;
		};
		2A6A531E2D7B37A1007BD662 /* Release */ = {
			isa = XCBuildConfiguration;
			buildSettings = {
				ALWAYS_SEARCH_USER_PATHS = NO;
				ASSETCATALOG_COMPILER_GENERATE_SWIFT_ASSET_SYMBOL_EXTENSIONS = YES;
				CLANG_ANALYZER_NONNULL = YES;
				CLANG_ANALYZER_NUMBER_OBJECT_CONVERSION = YES_AGGRESSIVE;
				CLANG_CXX_LANGUAGE_STANDARD = "gnu++20";
				CLANG_ENABLE_MODULES = YES;
				CLANG_ENABLE_OBJC_ARC = YES;
				CLANG_ENABLE_OBJC_WEAK = YES;
				CLANG_WARN_BLOCK_CAPTURE_AUTORELEASING = YES;
				CLANG_WARN_BOOL_CONVERSION = YES;
				CLANG_WARN_COMMA = YES;
				CLANG_WARN_CONSTANT_CONVERSION = YES;
				CLANG_WARN_DEPRECATED_OBJC_IMPLEMENTATIONS = YES;
				CLANG_WARN_DIRECT_OBJC_ISA_USAGE = YES_ERROR;
				CLANG_WARN_DOCUMENTATION_COMMENTS = YES;
				CLANG_WARN_EMPTY_BODY = YES;
				CLANG_WARN_ENUM_CONVERSION = YES;
				CLANG_WARN_INFINITE_RECURSION = YES;
				CLANG_WARN_INT_CONVERSION = YES;
				CLANG_WARN_NON_LITERAL_NULL_CONVERSION = YES;
				CLANG_WARN_OBJC_IMPLICIT_RETAIN_SELF = YES;
				CLANG_WARN_OBJC_LITERAL_CONVERSION = YES;
				CLANG_WARN_OBJC_ROOT_CLASS = YES_ERROR;
				CLANG_WARN_QUOTED_INCLUDE_IN_FRAMEWORK_HEADER = YES;
				CLANG_WARN_RANGE_LOOP_ANALYSIS = YES;
				CLANG_WARN_STRICT_PROTOTYPES = YES;
				CLANG_WARN_SUSPICIOUS_MOVE = YES;
				CLANG_WARN_UNGUARDED_AVAILABILITY = YES_AGGRESSIVE;
				CLANG_WARN_UNREACHABLE_CODE = YES;
				CLANG_WARN__DUPLICATE_METHOD_MATCH = YES;
				COPY_PHASE_STRIP = NO;
				DEBUG_INFORMATION_FORMAT = "dwarf-with-dsym";
				ENABLE_NS_ASSERTIONS = NO;
				ENABLE_STRICT_OBJC_MSGSEND = YES;
				ENABLE_USER_SCRIPT_SANDBOXING = YES;
				GCC_C_LANGUAGE_STANDARD = gnu17;
				GCC_NO_COMMON_BLOCKS = YES;
				GCC_WARN_64_TO_32_BIT_CONVERSION = YES;
				GCC_WARN_ABOUT_RETURN_TYPE = YES_ERROR;
				GCC_WARN_UNDECLARED_SELECTOR = YES;
				GCC_WARN_UNINITIALIZED_AUTOS = YES_AGGRESSIVE;
				GCC_WARN_UNUSED_FUNCTION = YES;
				GCC_WARN_UNUSED_VARIABLE = YES;
				IPHONEOS_DEPLOYMENT_TARGET = 18.2;
				LOCALIZATION_PREFERS_STRING_CATALOGS = YES;
				MTL_ENABLE_DEBUG_INFO = NO;
				MTL_FAST_MATH = YES;
				SDKROOT = iphoneos;
				SWIFT_COMPILATION_MODE = wholemodule;
				VALIDATE_PRODUCT = YES;
			};
			name = Release;
		};
		2A6A53202D7B37A1007BD662 /* Debug */ = {
			isa = XCBuildConfiguration;
			buildSettings = {
				BUNDLE_LOADER = "$(TEST_HOST)";
				CODE_SIGN_STYLE = Automatic;
				CURRENT_PROJECT_VERSION = 1;
				GENERATE_INFOPLIST_FILE = YES;
				IPHONEOS_DEPLOYMENT_TARGET = 18.2;
				MARKETING_VERSION = 1.0;
				PRODUCT_BUNDLE_IDENTIFIER = RoshkaBootcamp.PokeAPIIntegrationTests;
				PRODUCT_NAME = "$(TARGET_NAME)";
				SWIFT_EMIT_LOC_STRINGS = NO;
				SWIFT_VERSION = 5.0;
				TARGETED_DEVICE_FAMILY = "1,2";
				TEST_HOST = "$(BUILT_PRODUCTS_DIR)/PokeAPIIntegration.app/$(BUNDLE_EXECUTABLE_FOLDER_PATH)/PokeAPIIntegration";
			};
			name = Debug;
		};
		2A6A53212D7B37A1007BD662 /* Release */ = {
			isa = XCBuildConfiguration;
			buildSettings = {
				BUNDLE_LOADER = "$(TEST_HOST)";
				CODE_SIGN_STYLE = Automatic;
				CURRENT_PROJECT_VERSION = 1;
				GENERATE_INFOPLIST_FILE = YES;
				IPHONEOS_DEPLOYMENT_TARGET = 18.2;
				MARKETING_VERSION = 1.0;
				PRODUCT_BUNDLE_IDENTIFIER = RoshkaBootcamp.PokeAPIIntegrationTests;
				PRODUCT_NAME = "$(TARGET_NAME)";
				SWIFT_EMIT_LOC_STRINGS = NO;
				SWIFT_VERSION = 5.0;
				TARGETED_DEVICE_FAMILY = "1,2";
				TEST_HOST = "$(BUILT_PRODUCTS_DIR)/PokeAPIIntegration.app/$(BUNDLE_EXECUTABLE_FOLDER_PATH)/PokeAPIIntegration";
			};
			name = Release;
		};
		2A6A53232D7B37A1007BD662 /* Debug */ = {
			isa = XCBuildConfiguration;
			buildSettings = {
				CODE_SIGN_STYLE = Automatic;
				CURRENT_PROJECT_VERSION = 1;
				GENERATE_INFOPLIST_FILE = YES;
				MARKETING_VERSION = 1.0;
				PRODUCT_BUNDLE_IDENTIFIER = RoshkaBootcamp.PokeAPIIntegrationUITests;
				PRODUCT_NAME = "$(TARGET_NAME)";
				SWIFT_EMIT_LOC_STRINGS = NO;
				SWIFT_VERSION = 5.0;
				TARGETED_DEVICE_FAMILY = "1,2";
				TEST_TARGET_NAME = PokeAPIIntegration;
			};
			name = Debug;
		};
		2A6A53242D7B37A1007BD662 /* Release */ = {
			isa = XCBuildConfiguration;
			buildSettings = {
				CODE_SIGN_STYLE = Automatic;
				CURRENT_PROJECT_VERSION = 1;
				GENERATE_INFOPLIST_FILE = YES;
				MARKETING_VERSION = 1.0;
				PRODUCT_BUNDLE_IDENTIFIER = RoshkaBootcamp.PokeAPIIntegrationUITests;
				PRODUCT_NAME = "$(TARGET_NAME)";
				SWIFT_EMIT_LOC_STRINGS = NO;
				SWIFT_VERSION = 5.0;
				TARGETED_DEVICE_FAMILY = "1,2";
				TEST_TARGET_NAME = PokeAPIIntegration;
			};
			name = Release;
		};
/* End XCBuildConfiguration section */

/* Begin XCConfigurationList section */
		2A6A52EC2D7B37A1007BD662 /* Build configuration list for PBXProject "PokeAPIIntegration" */ = {
			isa = XCConfigurationList;
			buildConfigurations = (
				2A6A531D2D7B37A1007BD662 /* Debug */,
				2A6A531E2D7B37A1007BD662 /* Release */,
			);
			defaultConfigurationIsVisible = 0;
			defaultConfigurationName = Release;
		};
		2A6A531A2D7B37A1007BD662 /* Build configuration list for PBXNativeTarget "PokeAPIIntegration" */ = {
			isa = XCConfigurationList;
			buildConfigurations = (
				2A6A531B2D7B37A1007BD662 /* Debug */,
				2A6A531C2D7B37A1007BD662 /* Release */,
			);
			defaultConfigurationIsVisible = 0;
			defaultConfigurationName = Release;
		};
		2A6A531F2D7B37A1007BD662 /* Build configuration list for PBXNativeTarget "PokeAPIIntegrationTests" */ = {
			isa = XCConfigurationList;
			buildConfigurations = (
				2A6A53202D7B37A1007BD662 /* Debug */,
				2A6A53212D7B37A1007BD662 /* Release */,
			);
			defaultConfigurationIsVisible = 0;
			defaultConfigurationName = Release;
		};
		2A6A53222D7B37A1007BD662 /* Build configuration list for PBXNativeTarget "PokeAPIIntegrationUITests" */ = {
			isa = XCConfigurationList;
			buildConfigurations = (
				2A6A53232D7B37A1007BD662 /* Debug */,
				2A6A53242D7B37A1007BD662 /* Release */,
			);
			defaultConfigurationIsVisible = 0;
			defaultConfigurationName = Release;
		};
/* End XCConfigurationList section */

/* Begin XCRemoteSwiftPackageReference section */
		2A6A53302D7B3D5B007BD662 /* XCRemoteSwiftPackageReference "Alamofire" */ = {
			isa = XCRemoteSwiftPackageReference;
			repositoryURL = "https://github.com/Alamofire/Alamofire.git";
			requirement = {
				kind = upToNextMajorVersion;
				minimumVersion = 5.10.2;
			};
		};
		2A96F7CB2D7B574900415613 /* XCRemoteSwiftPackageReference "Kingfisher" */ = {
			isa = XCRemoteSwiftPackageReference;
			repositoryURL = "https://github.com/onevcat/Kingfisher.git";
			requirement = {
				kind = upToNextMajorVersion;
				minimumVersion = 8.3.0;
			};
		};
		2A96F7D02D7B6E8900415613 /* XCRemoteSwiftPackageReference "Sniffer" */ = {
			isa = XCRemoteSwiftPackageReference;
			repositoryURL = "https://github.com/Kofktu/Sniffer.git";
			requirement = {
				kind = upToNextMajorVersion;
				minimumVersion = 2.1.2;
			};
		};
/* End XCRemoteSwiftPackageReference section */

/* Begin XCSwiftPackageProductDependency section */
		2A6A53312D7B3D5B007BD662 /* Alamofire */ = {
			isa = XCSwiftPackageProductDependency;
			package = 2A6A53302D7B3D5B007BD662 /* XCRemoteSwiftPackageReference "Alamofire" */;
			productName = Alamofire;
		};
		2A96F7CC2D7B574900415613 /* Kingfisher */ = {
			isa = XCSwiftPackageProductDependency;
			package = 2A96F7CB2D7B574900415613 /* XCRemoteSwiftPackageReference "Kingfisher" */;
			productName = Kingfisher;
		};
		2A96F7D12D7B6E8900415613 /* Sniffer */ = {
			isa = XCSwiftPackageProductDependency;
			package = 2A96F7D02D7B6E8900415613 /* XCRemoteSwiftPackageReference "Sniffer" */;
			productName = Sniffer;
		};
/* End XCSwiftPackageProductDependency section */
	};
	rootObject = 2A6A52E92D7B37A1007BD662 /* Project object */;
}
